<?xml version="1.0" encoding="utf-8"?>
<Project ToolsVersion="4.0" xmlns="http://schemas.microsoft.com/developer/msbuild/2003">
  <ItemGroup>
    <Filter Include="Source Files">
      <UniqueIdentifier>{4FC737F1-C7A5-4376-A066-2A32D752A2FF}</UniqueIdentifier>
      <Extensions>cpp;c;cc;cxx;c++;cppm;ixx;def;odl;idl;hpj;bat;asm;asmx</Extensions>
    </Filter>
    <Filter Include="Header Files">
      <UniqueIdentifier>{93995380-89BD-4b04-88EB-625FBE52EBFB}</UniqueIdentifier>
      <Extensions>h;hh;hpp;hxx;h++;hm;inl;inc;ipp;xsd</Extensions>
    </Filter>
    <Filter Include="Resource Files">
      <UniqueIdentifier>{67DA6AB6-F800-4c08-8B7A-83BB121AAD01}</UniqueIdentifier>
      <Extensions>rc;ico;cur;bmp;dlg;rc2;rct;bin;rgs;gif;jpg;jpeg;jpe;resx;tiff;tif;png;wav;mfcribbon-ms</Extensions>
    </Filter>
    <Filter Include="Source Files\SP_1">
      <UniqueIdentifier>{e5655cc5-b7a0-4864-92e1-454eb5072b98}</UniqueIdentifier>
    </Filter>
    <Filter Include="Source Files\SP_2">
      <UniqueIdentifier>{ed78f752-dd92-4d1c-b53f-e07d54b7233e}</UniqueIdentifier>
    </Filter>
    <Filter Include="Header Files\SP_1">
      <UniqueIdentifier>{36e76f8f-5cf4-42a2-b73b-a89eff54efc0}</UniqueIdentifier>
    </Filter>
    <Filter Include="Header Files\SP_2">
      <UniqueIdentifier>{8c2e49bd-ce5d-47a9-ac79-ec79537382cf}</UniqueIdentifier>
    </Filter>
    <Filter Include="Header Files\SP_3">
      <UniqueIdentifier>{d11d5d4d-f5a8-414c-b5f7-400b94e1c9b5}</UniqueIdentifier>
    </Filter>
    <Filter Include="Source Files\SP_3">
      <UniqueIdentifier>{b31257db-2ae4-47d5-a9b4-9c119bfe858f}</UniqueIdentifier>
    </Filter>
    <Filter Include="Header Files\SP_4">
      <UniqueIdentifier>{20eed204-2dcd-4015-b7a8-0e8d15ecfcbe}</UniqueIdentifier>
    </Filter>
  </ItemGroup>
  <ItemGroup>
    <ClCompile Include="main.cpp">
      <Filter>Source Files</Filter>
    </ClCompile>
    <ClCompile Include="HierarchyNavigator.cpp">
      <Filter>Source Files\SP_2</Filter>
    </ClCompile>
    <ClCompile Include="UzemnaJednotkaTable.cpp">
      <Filter>Source Files\SP_3</Filter>
    </ClCompile>
    <ClCompile Include="Typ.cpp">
      <Filter>Source Files\SP_2</Filter>
    </ClCompile>
    <ClCompile Include="Loader.cpp">
      <Filter>Source Files\SP_1</Filter>
    </ClCompile>
    <ClCompile Include="UzemnaJednotka.cpp">
      <Filter>Source Files\SP_1</Filter>
    </ClCompile>
  </ItemGroup>
  <ItemGroup>
    <ClInclude Include="Algoritmus.h">
      <Filter>Header Files\SP_1</Filter>
    </ClInclude>
    <ClInclude Include="Loader.h">
      <Filter>Header Files\SP_1</Filter>
    </ClInclude>
    <ClInclude Include="Predicates.h">
      <Filter>Header Files\SP_1</Filter>
    </ClInclude>
    <ClInclude Include="HierarchyNavigator.h">
      <Filter>Header Files\SP_2</Filter>
    </ClInclude>
    <ClInclude Include="UzemnaJednotkaTable.h">
      <Filter>Header Files\SP_3</Filter>
    </ClInclude>
    <ClInclude Include="SortAlgoritmus.h">
      <Filter>Header Files\SP_4</Filter>
    </ClInclude>
    <ClInclude Include="UzemnaJednotka.h">
      <Filter>Header Files\SP_1</Filter>
    </ClInclude>
    <ClInclude Include="Typ.h">
      <Filter>Header Files\SP_1</Filter>
    </ClInclude>
    <ClInclude Include="Gender.h">
      <Filter>Header Files\SP_1</Filter>
    </ClInclude>
  </ItemGroup>
</Project>